
Microsoft Visual Studio Solution File, Format Version 12.00
# Visual Studio Version 16
VisualStudioVersion = 16.0.30621.155
MinimumVisualStudioVersion = 10.0.40219.1
Project("{FAE04EC0-301F-11D3-BF4B-00C04F79EFBC}") = "Lab3.2", "Lab3.2\Lab3.2.csproj", "{115383CB-85AD-4C70-9B8B-02690D2A8988}"
EndProject
Global
	GlobalSection(SolutionConfigurationPlatforms) = preSolution
		Debug|Any CPU = Debug|Any CPU
		Release|Any CPU = Release|Any CPU
	EndGlobalSection
	GlobalSection(ProjectConfigurationPlatforms) = postSolution
		{115383CB-85AD-4C70-9B8B-02690D2A8988}.Debug|Any CPU.ActiveCfg = Debug|Any CPU
		{115383CB-85AD-4C70-9B8B-02690D2A8988}.Debug|Any CPU.Build.0 = Debug|Any CPU
		{115383CB-85AD-4C70-9B8B-02690D2A8988}.Release|Any CPU.ActiveCfg = Release|Any CPU
		{115383CB-85AD-4C70-9B8B-02690D2A8988}.Release|Any CPU.Build.0 = Release|Any CPU
	EndGlobalSection
	GlobalSection(SolutionProperties) = preSolution
		HideSolutionNode = FALSE
	EndGlobalSection
	GlobalSection(ExtensibilityGlobals) = postSolution
		SolutionGuid = {14726E2E-586F-4ECC-BB29-E91E43A8B7EB}
	EndGlobalSection
EndGlobal
