
Microsoft Visual Studio Solution File, Format Version 12.00
# Visual Studio Version 16
VisualStudioVersion = 16.0.30711.63
MinimumVisualStudioVersion = 10.0.40219.1
Project("{FAE04EC0-301F-11D3-BF4B-00C04F79EFBC}") = "Ch 7 test", "Ch 7 test\Ch 7 test.csproj", "{F281885B-C2D7-4F17-A912-D2DA9D28DF84}"
EndProject
Global
	GlobalSection(SolutionConfigurationPlatforms) = preSolution
		Debug|Any CPU = Debug|Any CPU
		Release|Any CPU = Release|Any CPU
	EndGlobalSection
	GlobalSection(ProjectConfigurationPlatforms) = postSolution
		{F281885B-C2D7-4F17-A912-D2DA9D28DF84}.Debug|Any CPU.ActiveCfg = Debug|Any CPU
		{F281885B-C2D7-4F17-A912-D2DA9D28DF84}.Debug|Any CPU.Build.0 = Debug|Any CPU
		{F281885B-C2D7-4F17-A912-D2DA9D28DF84}.Release|Any CPU.ActiveCfg = Release|Any CPU
		{F281885B-C2D7-4F17-A912-D2DA9D28DF84}.Release|Any CPU.Build.0 = Release|Any CPU
	EndGlobalSection
	GlobalSection(SolutionProperties) = preSolution
		HideSolutionNode = FALSE
	EndGlobalSection
	GlobalSection(ExtensibilityGlobals) = postSolution
		SolutionGuid = {281FB52C-CDEA-415F-B7BE-74A12BC5199C}
	EndGlobalSection
EndGlobal
